
Microsoft Visual Studio Solution File, Format Version 12.00
# Visual Studio 15
VisualStudioVersion = 15.0.26228.9
MinimumVisualStudioVersion = 10.0.40219.1
Project("{2150E333-8FDC-42A3-9474-1A3956D46DE8}") = "10 Presentation Layer", "10 Presentation Layer", "{71C35A27-5680-4F54-9E0D-DA437A3BC174}"
EndProject
Project("{2150E333-8FDC-42A3-9474-1A3956D46DE8}") = "20 Business Layer", "20 Business Layer", "{A3138B7C-1E18-4773-B69E-46854B0224B1}"
EndProject
Project("{2150E333-8FDC-42A3-9474-1A3956D46DE8}") = "30 Domain Layer", "30 Domain Layer", "{4F307894-D8A8-47B1-96AC-60632360C530}"
EndProject
Project("{2150E333-8FDC-42A3-9474-1A3956D46DE8}") = "40 Data Layer", "40 Data Layer", "{E2CAA200-750B-4A80-9DA0-E3A37E2A2CFC}"
EndProject
Project("{FAE04EC0-301F-11D3-BF4B-00C04F79EFBC}") = "Translate", "Translate\Translate.csproj", "{946FC779-2FE5-40F7-8154-C05F8C0C3734}"
EndProject
Project("{FAE04EC0-301F-11D3-BF4B-00C04F79EFBC}") = "Translate.Business", "Translate.Business\Translate.Business.csproj", "{FC7CCF7E-DFF4-480A-92C6-ED18A14AEE4D}"
EndProject
Project("{FAE04EC0-301F-11D3-BF4B-00C04F79EFBC}") = "Translate.Domain", "Translate.Domain\Translate.Domain.csproj", "{4529B5C4-6940-436D-8E05-D19A6DA2F448}"
EndProject
Project("{FAE04EC0-301F-11D3-BF4B-00C04F79EFBC}") = "Translate.Data.Rest", "Translate.Data.Rest\Translate.Data.Rest.csproj", "{782DAEDE-AC0A-41DB-ABB7-625DAC9F789F}"
EndProject
Project("{2150E333-8FDC-42A3-9474-1A3956D46DE8}") = "50 Cross-Cutting Layer", "50 Cross-Cutting Layer", "{3F1BFA75-937B-4CDB-93EC-25FD800DBC2A}"
EndProject
Project("{FAE04EC0-301F-11D3-BF4B-00C04F79EFBC}") = "Translate.CrossCutting", "Translate.CrossCutting\Translate.CrossCutting.csproj", "{13D33F8C-6250-45CE-9A8F-1D90498E130C}"
EndProject
Project("{FAE04EC0-301F-11D3-BF4B-00C04F79EFBC}") = "Translate.Business.Tests", "Translate.Business.Tests\Translate.Business.Tests.csproj", "{EC017347-E671-45A4-AF8C-92205AA79FCC}"
EndProject
Project("{FAE04EC0-301F-11D3-BF4B-00C04F79EFBC}") = "Translate.Data.File", "Translate.Data.File\Translate.Data.File.csproj", "{B6F7D637-5FCD-41E6-B690-9D80CD29DABB}"
EndProject
Global
	GlobalSection(SolutionConfigurationPlatforms) = preSolution
		Debug|Any CPU = Debug|Any CPU
		Release|Any CPU = Release|Any CPU
	EndGlobalSection
	GlobalSection(ProjectConfigurationPlatforms) = postSolution
		{946FC779-2FE5-40F7-8154-C05F8C0C3734}.Debug|Any CPU.ActiveCfg = Debug|Any CPU
		{946FC779-2FE5-40F7-8154-C05F8C0C3734}.Debug|Any CPU.Build.0 = Debug|Any CPU
		{946FC779-2FE5-40F7-8154-C05F8C0C3734}.Release|Any CPU.ActiveCfg = Release|Any CPU
		{946FC779-2FE5-40F7-8154-C05F8C0C3734}.Release|Any CPU.Build.0 = Release|Any CPU
		{FC7CCF7E-DFF4-480A-92C6-ED18A14AEE4D}.Debug|Any CPU.ActiveCfg = Debug|Any CPU
		{FC7CCF7E-DFF4-480A-92C6-ED18A14AEE4D}.Debug|Any CPU.Build.0 = Debug|Any CPU
		{FC7CCF7E-DFF4-480A-92C6-ED18A14AEE4D}.Release|Any CPU.ActiveCfg = Release|Any CPU
		{FC7CCF7E-DFF4-480A-92C6-ED18A14AEE4D}.Release|Any CPU.Build.0 = Release|Any CPU
		{4529B5C4-6940-436D-8E05-D19A6DA2F448}.Debug|Any CPU.ActiveCfg = Debug|Any CPU
		{4529B5C4-6940-436D-8E05-D19A6DA2F448}.Debug|Any CPU.Build.0 = Debug|Any CPU
		{4529B5C4-6940-436D-8E05-D19A6DA2F448}.Release|Any CPU.ActiveCfg = Release|Any CPU
		{4529B5C4-6940-436D-8E05-D19A6DA2F448}.Release|Any CPU.Build.0 = Release|Any CPU
		{782DAEDE-AC0A-41DB-ABB7-625DAC9F789F}.Debug|Any CPU.ActiveCfg = Debug|Any CPU
		{782DAEDE-AC0A-41DB-ABB7-625DAC9F789F}.Debug|Any CPU.Build.0 = Debug|Any CPU
		{782DAEDE-AC0A-41DB-ABB7-625DAC9F789F}.Release|Any CPU.ActiveCfg = Release|Any CPU
		{782DAEDE-AC0A-41DB-ABB7-625DAC9F789F}.Release|Any CPU.Build.0 = Release|Any CPU
		{13D33F8C-6250-45CE-9A8F-1D90498E130C}.Debug|Any CPU.ActiveCfg = Debug|Any CPU
		{13D33F8C-6250-45CE-9A8F-1D90498E130C}.Debug|Any CPU.Build.0 = Debug|Any CPU
		{13D33F8C-6250-45CE-9A8F-1D90498E130C}.Release|Any CPU.ActiveCfg = Release|Any CPU
		{13D33F8C-6250-45CE-9A8F-1D90498E130C}.Release|Any CPU.Build.0 = Release|Any CPU
		{EC017347-E671-45A4-AF8C-92205AA79FCC}.Debug|Any CPU.ActiveCfg = Debug|Any CPU
		{EC017347-E671-45A4-AF8C-92205AA79FCC}.Debug|Any CPU.Build.0 = Debug|Any CPU
		{EC017347-E671-45A4-AF8C-92205AA79FCC}.Release|Any CPU.ActiveCfg = Release|Any CPU
		{EC017347-E671-45A4-AF8C-92205AA79FCC}.Release|Any CPU.Build.0 = Release|Any CPU
		{B6F7D637-5FCD-41E6-B690-9D80CD29DABB}.Debug|Any CPU.ActiveCfg = Debug|Any CPU
		{B6F7D637-5FCD-41E6-B690-9D80CD29DABB}.Debug|Any CPU.Build.0 = Debug|Any CPU
		{B6F7D637-5FCD-41E6-B690-9D80CD29DABB}.Release|Any CPU.ActiveCfg = Release|Any CPU
		{B6F7D637-5FCD-41E6-B690-9D80CD29DABB}.Release|Any CPU.Build.0 = Release|Any CPU
	EndGlobalSection
	GlobalSection(SolutionProperties) = preSolution
		HideSolutionNode = FALSE
	EndGlobalSection
	GlobalSection(NestedProjects) = preSolution
		{946FC779-2FE5-40F7-8154-C05F8C0C3734} = {71C35A27-5680-4F54-9E0D-DA437A3BC174}
		{FC7CCF7E-DFF4-480A-92C6-ED18A14AEE4D} = {A3138B7C-1E18-4773-B69E-46854B0224B1}
		{4529B5C4-6940-436D-8E05-D19A6DA2F448} = {4F307894-D8A8-47B1-96AC-60632360C530}
		{782DAEDE-AC0A-41DB-ABB7-625DAC9F789F} = {E2CAA200-750B-4A80-9DA0-E3A37E2A2CFC}
		{13D33F8C-6250-45CE-9A8F-1D90498E130C} = {3F1BFA75-937B-4CDB-93EC-25FD800DBC2A}
		{EC017347-E671-45A4-AF8C-92205AA79FCC} = {A3138B7C-1E18-4773-B69E-46854B0224B1}
		{B6F7D637-5FCD-41E6-B690-9D80CD29DABB} = {E2CAA200-750B-4A80-9DA0-E3A37E2A2CFC}
	EndGlobalSection
EndGlobal
